
Microsoft Visual Studio Solution File, Format Version 12.00
# Visual Studio Version 16
VisualStudioVersion = 16.0.28803.352
MinimumVisualStudioVersion = 10.0.40219.1
Project("{FAE04EC0-301F-11D3-BF4B-00C04F79EFBC}") = "AWS_S3_Access_WPF", "AWS_S3_Access_WPF\AWS_S3_Access_WPF.csproj", "{05038778-5259-4D92-80AA-6F7170242652}"
EndProject
Project("{FAE04EC0-301F-11D3-BF4B-00C04F79EFBC}") = "S3Access_NETFramework", "S3Access_NETFramework\S3Access_NETFramework.csproj", "{1464DB31-7C00-4F0B-A85D-64D38C85CB2C}"
EndProject
Global
	GlobalSection(SolutionConfigurationPlatforms) = preSolution
		Debug|Any CPU = Debug|Any CPU
		Release|Any CPU = Release|Any CPU
	EndGlobalSection
	GlobalSection(ProjectConfigurationPlatforms) = postSolution
		{05038778-5259-4D92-80AA-6F7170242652}.Debug|Any CPU.ActiveCfg = Debug|Any CPU
		{05038778-5259-4D92-80AA-6F7170242652}.Debug|Any CPU.Build.0 = Debug|Any CPU
		{05038778-5259-4D92-80AA-6F7170242652}.Release|Any CPU.ActiveCfg = Release|Any CPU
		{05038778-5259-4D92-80AA-6F7170242652}.Release|Any CPU.Build.0 = Release|Any CPU
		{1464DB31-7C00-4F0B-A85D-64D38C85CB2C}.Debug|Any CPU.ActiveCfg = Debug|Any CPU
		{1464DB31-7C00-4F0B-A85D-64D38C85CB2C}.Debug|Any CPU.Build.0 = Debug|Any CPU
		{1464DB31-7C00-4F0B-A85D-64D38C85CB2C}.Release|Any CPU.ActiveCfg = Release|Any CPU
		{1464DB31-7C00-4F0B-A85D-64D38C85CB2C}.Release|Any CPU.Build.0 = Release|Any CPU
	EndGlobalSection
	GlobalSection(SolutionProperties) = preSolution
		HideSolutionNode = FALSE
	EndGlobalSection
	GlobalSection(ExtensibilityGlobals) = postSolution
		SolutionGuid = {4DC70973-34E0-4B36-A555-59A89BD3DF3E}
	EndGlobalSection
EndGlobal
